
Microsoft Visual Studio Solution File, Format Version 12.00
# Visual Studio Version 16
VisualStudioVersion = 16.0.29613.14
MinimumVisualStudioVersion = 10.0.40219.1
Project("{FAE04EC0-301F-11D3-BF4B-00C04F79EFBC}") = "Aino", "AinoAgent\Aino.csproj", "{53127E76-95A3-4306-A684-2306075B30A7}"
EndProject
Project("{FAE04EC0-301F-11D3-BF4B-00C04F79EFBC}") = "AinoAgentTester", "AinoAgentTester\AinoAgentTester.csproj", "{3E5323BA-D94E-4625-8DA9-A1D33798889E}"
EndProject
Project("{FAE04EC0-301F-11D3-BF4B-00C04F79EFBC}") = "AinoTests", "AinoTests\AinoTests.csproj", "{2A4CA9DC-0996-4CF4-B02C-F0A76BB103CC}"
EndProject
Project("{2150E333-8FDC-42A3-9474-1A3956D46DE8}") = "Solution Items", "Solution Items", "{CF1AEE9A-5C95-481B-A134-EE842D9BE3B6}"
	ProjectSection(SolutionItems) = preProject
		LICENSE = LICENSE
		README.md = README.md
	EndProjectSection
EndProject
Global
	GlobalSection(SolutionConfigurationPlatforms) = preSolution
		Debug|Any CPU = Debug|Any CPU
		Debug|x64 = Debug|x64
		Release|Any CPU = Release|Any CPU
		Release|x64 = Release|x64
	EndGlobalSection
	GlobalSection(ProjectConfigurationPlatforms) = postSolution
		{53127E76-95A3-4306-A684-2306075B30A7}.Debug|Any CPU.ActiveCfg = Debug|Any CPU
		{53127E76-95A3-4306-A684-2306075B30A7}.Debug|Any CPU.Build.0 = Debug|Any CPU
		{53127E76-95A3-4306-A684-2306075B30A7}.Debug|x64.ActiveCfg = Debug|x64
		{53127E76-95A3-4306-A684-2306075B30A7}.Debug|x64.Build.0 = Debug|x64
		{53127E76-95A3-4306-A684-2306075B30A7}.Release|Any CPU.ActiveCfg = Release|Any CPU
		{53127E76-95A3-4306-A684-2306075B30A7}.Release|Any CPU.Build.0 = Release|Any CPU
		{53127E76-95A3-4306-A684-2306075B30A7}.Release|x64.ActiveCfg = Release|x64
		{53127E76-95A3-4306-A684-2306075B30A7}.Release|x64.Build.0 = Release|x64
		{3E5323BA-D94E-4625-8DA9-A1D33798889E}.Debug|Any CPU.ActiveCfg = Debug|x64
		{3E5323BA-D94E-4625-8DA9-A1D33798889E}.Debug|Any CPU.Build.0 = Debug|x64
		{3E5323BA-D94E-4625-8DA9-A1D33798889E}.Debug|x64.ActiveCfg = Debug|x64
		{3E5323BA-D94E-4625-8DA9-A1D33798889E}.Debug|x64.Build.0 = Debug|x64
		{3E5323BA-D94E-4625-8DA9-A1D33798889E}.Release|Any CPU.ActiveCfg = Release|x64
		{3E5323BA-D94E-4625-8DA9-A1D33798889E}.Release|Any CPU.Build.0 = Release|x64
		{3E5323BA-D94E-4625-8DA9-A1D33798889E}.Release|x64.ActiveCfg = Release|Any CPU
		{3E5323BA-D94E-4625-8DA9-A1D33798889E}.Release|x64.Build.0 = Release|Any CPU
		{2A4CA9DC-0996-4CF4-B02C-F0A76BB103CC}.Debug|Any CPU.ActiveCfg = Debug|x64
		{2A4CA9DC-0996-4CF4-B02C-F0A76BB103CC}.Debug|Any CPU.Build.0 = Debug|x64
		{2A4CA9DC-0996-4CF4-B02C-F0A76BB103CC}.Debug|x64.ActiveCfg = Debug|x64
		{2A4CA9DC-0996-4CF4-B02C-F0A76BB103CC}.Debug|x64.Build.0 = Debug|x64
		{2A4CA9DC-0996-4CF4-B02C-F0A76BB103CC}.Release|Any CPU.ActiveCfg = Release|x64
		{2A4CA9DC-0996-4CF4-B02C-F0A76BB103CC}.Release|Any CPU.Build.0 = Release|x64
		{2A4CA9DC-0996-4CF4-B02C-F0A76BB103CC}.Release|x64.ActiveCfg = Release|Any CPU
		{2A4CA9DC-0996-4CF4-B02C-F0A76BB103CC}.Release|x64.Build.0 = Release|Any CPU
	EndGlobalSection
	GlobalSection(SolutionProperties) = preSolution
		HideSolutionNode = FALSE
	EndGlobalSection
	GlobalSection(ExtensibilityGlobals) = postSolution
		SolutionGuid = {1A3DDF92-0276-4095-A0BA-9E26294BD1F1}
	EndGlobalSection
EndGlobal
